# This file is automatically @generated by Cargo.
# It is not intended for manual editing.
version = 4

[[package]]
name = "assembly"
version = "0.1.0"
dependencies = [
 "ir",
 "mellow-parse",
]

[[package]]
name = "ir"
version = "0.1.0"
dependencies = [
 "mellow-parse",
]

[[package]]
name = "mellow"
version = "0.1.0"
dependencies = [
 "assembly",
 "ir",
 "mellow-error",
 "mellow-syntax",
]

[[package]]
name = "mellow-error"
version = "0.1.0"

[[package]]
name = "mellow-lex"
version = "0.1.0"
dependencies = [
 "mellow-error",
]

[[package]]
name = "mellow-parse"
version = "0.1.0"
dependencies = [
 "mellow-error",
 "mellow-lex",
]

[[package]]
name = "mellow-syntax"
version = "0.1.0"
dependencies = [
 "mellow-error",
 "mellow-lex",
 "mellow-parse",
]
