# This file is automatically @generated by Cargo.
# It is not intended for manual editing.
version = 4

[[package]]
name = "assembly"
version = "0.1.0"
dependencies = [
 "ir",
 "syntax",
]

[[package]]
name = "ir"
version = "0.1.0"
dependencies = [
 "syntax",
]

[[package]]
name = "mellow"
version = "0.1.0"
dependencies = [
 "assembly",
 "ir",
 "syntax",
]

[[package]]
name = "mellow-lex"
version = "0.1.0"

[[package]]
name = "syntax"
version = "0.1.0"
dependencies = [
 "mellow-lex",
]
